{
  "name": "dsh-local-plugin-manager",
  "version": "0.4.0",
  "lockfileVersion": 3,
  "requires": true,
  "packages": {
    "": {
      "name": "dsh-local-plugin-manager",
      "version": "0.4.0",
      "license": "MIT",
      "dependencies": {
        "@deepseek-ai/dsh-atomic-write": "~0.2.1-alpha.2",
        "yaml": "^2.9.0"
      },
      "engines": {
        "dsh": ">=0.2.1-alpha.2 <0.2.2",
        "node": ">=20"
      }
    },
    "node_modules/@deepseek-ai/cordis": {
      "version": "4.0.5-alpha.1",
      "resolved": "https://registry.npmjs.org/@deepseek-ai/cordis/-/cordis-4.0.5-alpha.1.tgz",
      "integrity": "sha512-I0akiPAK9EEWO+GMAO0YGbn3/rzg/yopaxohBaG9JHM8dDzGaCZNp3mehjeC66IQL0AyTyDwvgv7v1aB+eMnKQ==",
      "license": "MIT",
      "peer": true,
      "dependencies": {
        "@deepseek-ai/cosmokit": "~1.8.6-alpha.1",
        "@standard-schema/spec": "^1.1.0"
      },
      "bin": {
        "cordis": "bin.js"
      },
      "peerDependencies": {
        "@deepseek-ai/cordis-plugin-include": "~1.0.10-alpha.1",
        "@deepseek-ai/cordis-plugin-loader": "~1.0.6-alpha.1"
      },
      "peerDependenciesMeta": {
        "@deepseek-ai/cordis-plugin-include": {
          "optional": true
        },
        "@deepseek-ai/cordis-plugin-loader": {
          "optional": true
        }
      }
    },
    "node_modules/@deepseek-ai/cosmokit": {
      "version": "1.8.6-alpha.1",
      "resolved": "https://registry.npmjs.org/@deepseek-ai/cosmokit/-/cosmokit-1.8.6-alpha.1.tgz",
      "integrity": "sha512-qtuYVBRu7VrD1jLHvaM5sSShtBVgff/0R5vx57fsHUeeobvvv5TmtnTrs0+h4H263kF3ie25VO70Ija8R1eaow==",
      "license": "MIT",
      "peer": true
    },
    "node_modules/@deepseek-ai/dsh-atomic-write": {
      "version": "0.2.1-alpha.2",
      "resolved": "https://registry.npmjs.org/@deepseek-ai/dsh-atomic-write/-/dsh-atomic-write-0.2.1-alpha.2.tgz",
      "integrity": "sha512-ZBbUSKxUUgXGnTbQLRSl2qjibLUEMxp0Y0nv5pZOwmXKOpxbK8w6M1GwfHt9BqpWU223H7hzgJyATQIfNhqxOw==",
      "license": "MIT",
      "peerDependencies": {
        "@deepseek-ai/cordis": "~4.0.5-alpha.1"
      }
    },
    "node_modules/@standard-schema/spec": {
      "version": "1.1.0",
      "resolved": "https://registry.npmjs.org/@standard-schema/spec/-/spec-1.1.0.tgz",
      "integrity": "sha512-l2aFy5jALhniG5HgqrD6jXLi/rUWrKvqN/qJx6yoJsgKhblVd+iqqU4RCXavm/jPityDo5TCvKMnpjKnOriy0w==",
      "license": "MIT",
      "peer": true
    },
    "node_modules/yaml": {
      "version": "2.9.1",
      "resolved": "https://registry.npmjs.org/yaml/-/yaml-2.9.1.tgz",
      "integrity": "sha512-3NxN8+78OdzbT7C/WjGsyfPAtJaN3FNDsWxv7Y7mcDsT/oOmgW8BpyQQFFBnvZE3j9Y2Sdz1ULFLezL7Eb2yFw==",
      "license": "ISC",
      "bin": {
        "yaml": "bin.mjs"
      },
      "engines": {
        "node": ">= 14.6"
      },
      "funding": {
        "url": "https://github.com/sponsors/eemeli"
      }
    }
  }
}
